#MicroXplorer Configuration settings - do not modify
CAD.formats=
CAD.pinconfig=
CAD.provider=
CortexM4.IPs=CORTEX_M4\:I,DEBUG,FATFS_M4\:I,FREERTOS_M4\:I,IWDG2\:I,OPENAMP_M4\:I,PDM2PCM_M4\:I,PWR,RCC,RESMGR_UTILITY,SYS_M4\:I,USB_DEVICE_M4\:I,USB_HOST_M4\:I,VREFBUF,WWDG2\:I,GPIO,DMA,BDMA,MDMA,NVIC2\:I,UART7\:I
CortexM7.IPs=CORTEX_M7\:I,DEBUG\:I,FATFS_M7\:I,FREERTOS_M7\:I,IWDG1\:I,OPENAMP_M7\:I,PDM2PCM_M7\:I,PWR\:I,RCC\:I,RESMGR_UTILITY\:I,SYS\:I,USB_DEVICE_M7\:I,USB_HOST_M7\:I,VREFBUF\:I,WWDG1\:I,GPIO\:I,DMA\:I,BDMA\:I,MDMA\:I,NVIC1\:I,DSIHOST\:I,LTDC\:I,USB_OTG_FS\:I,I2C1\:I,SDMMC1\:I,DAC1\:I,TIM2\:I,DMA2D\:I,FMC\:I,RTC\:I,ETH\:I,SPI2\:I,SPI4\:I,SPI1\:I,USART2\:I,UART4\:I,TIM4\:I
DAC1.DAC_Channel-DAC_OUT1=DAC_CHANNEL_1
DAC1.IPParameters=DAC_Channel-DAC_OUT1
ETH.IPParameters=MediaInterface
ETH.MediaInterface=HAL_ETH_RMII_MODE
FMC.CASLatency1=FMC_SDRAM_CAS_LATENCY_3
FMC.ColumnBitsNumber1=FMC_SDRAM_COLUMN_BITS_NUM_9
FMC.ExitSelfRefreshDelay1=7
FMC.IPParameters=ColumnBitsNumber1,CASLatency1,SDClockPeriod1,ReadPipeDelay1,LoadToActiveDelay1,ExitSelfRefreshDelay1,SelfRefreshTime1,RowCycleDelay1,WriteRecoveryTime1,RPDelay1,RCDDelay1
FMC.LoadToActiveDelay1=2
FMC.RCDDelay1=2
FMC.RPDelay1=2
FMC.ReadPipeDelay1=FMC_SDRAM_RPIPE_DELAY_2
FMC.RowCycleDelay1=7
FMC.SDClockPeriod1=FMC_SDRAM_CLOCK_PERIOD_3
FMC.SelfRefreshTime1=4
FMC.WriteRecoveryTime1=3
File.Version=6
GPIO.groupedBy=
I2C1.IPParameters=Timing
I2C1.Timing=0x307075B1
KeepUserPlacement=false
Mcu.CPN=STM32H757IIT6
Mcu.Context0=CortexM7
Mcu.Context1=CortexM4
Mcu.ContextNb=2
Mcu.Family=STM32H7
Mcu.IP0=CORTEX_M4
Mcu.IP1=CORTEX_M7
Mcu.IP10=RCC
Mcu.IP11=SDMMC1
Mcu.IP12=SPI1
Mcu.IP13=SPI2
Mcu.IP14=SPI4
Mcu.IP15=SYS_M4
Mcu.IP16=SYS
Mcu.IP17=TIM2
Mcu.IP18=TIM4
Mcu.IP19=UART4
Mcu.IP2=DAC1
Mcu.IP20=UART7
Mcu.IP21=USART2
Mcu.IP22=USB_OTG_FS
Mcu.IP3=DEBUG
Mcu.IP4=ETH
Mcu.IP5=FMC
Mcu.IP6=I2C1
Mcu.IP7=LTDC
Mcu.IP8=NVIC1
Mcu.IP9=NVIC2
Mcu.IPNb=23
Mcu.Name=STM32H757IITx
Mcu.Package=LQFP176
Mcu.Pin0=PE2
Mcu.Pin1=PE3
Mcu.Pin10=PF2
Mcu.Pin100=PB3 (JTDO/TRACESWO)
Mcu.Pin101=PB4 (NJTRST)
Mcu.Pin102=PB5
Mcu.Pin103=PB6
Mcu.Pin104=PB7
Mcu.Pin105=PB8
Mcu.Pin106=PE0
Mcu.Pin107=PE1
Mcu.Pin108=VP_LTDC_DSIMode
Mcu.Pin109=VP_SYS_VS_Systick
Mcu.Pin11=PF3
Mcu.Pin110=VP_SYS_M4_VS_Systick
Mcu.Pin111=VP_TIM2_VS_ControllerModeClock
Mcu.Pin112=VP_TIM2_VS_ClockSourceITR
Mcu.Pin12=PF4
Mcu.Pin13=PF5
Mcu.Pin14=PF6
Mcu.Pin15=PF7
Mcu.Pin16=PF8
Mcu.Pin17=PF9
Mcu.Pin18=PH0-OSC_IN (PH0)
Mcu.Pin19=PH1-OSC_OUT (PH1)
Mcu.Pin2=PE4
Mcu.Pin20=PC0
Mcu.Pin21=PC1
Mcu.Pin22=PC2_C
Mcu.Pin23=PC3_C
Mcu.Pin24=PA0
Mcu.Pin25=PA1
Mcu.Pin26=PA2
Mcu.Pin27=PA3
Mcu.Pin28=PA4
Mcu.Pin29=PA5
Mcu.Pin3=PE5
Mcu.Pin30=PA6
Mcu.Pin31=PA7
Mcu.Pin32=PC4
Mcu.Pin33=PC5
Mcu.Pin34=PB0
Mcu.Pin35=PB1
Mcu.Pin36=PB2
Mcu.Pin37=PF11
Mcu.Pin38=PF12
Mcu.Pin39=PF13
Mcu.Pin4=PE6
Mcu.Pin40=PF14
Mcu.Pin41=PF15
Mcu.Pin42=PG0
Mcu.Pin43=PG1
Mcu.Pin44=PE7
Mcu.Pin45=PE8
Mcu.Pin46=PE9
Mcu.Pin47=PE10
Mcu.Pin48=PE11
Mcu.Pin49=PE12
Mcu.Pin5=PC13
Mcu.Pin50=PE13
Mcu.Pin51=PE14
Mcu.Pin52=PE15
Mcu.Pin53=PB11
Mcu.Pin54=PB12
Mcu.Pin55=PB13
Mcu.Pin56=PB14
Mcu.Pin57=PB15
Mcu.Pin58=PD8
Mcu.Pin59=PD9
Mcu.Pin6=PC14-OSC32_IN (OSC32_IN)
Mcu.Pin60=PD10
Mcu.Pin61=PD11
Mcu.Pin62=PD12
Mcu.Pin63=PD13
Mcu.Pin64=PD14
Mcu.Pin65=PD15
Mcu.Pin66=PG2
Mcu.Pin67=PG3
Mcu.Pin68=PG4
Mcu.Pin69=PG5
Mcu.Pin7=PC15-OSC32_OUT (OSC32_OUT)
Mcu.Pin70=PG6
Mcu.Pin71=PG7
Mcu.Pin72=PG8
Mcu.Pin73=PC6
Mcu.Pin74=PC7
Mcu.Pin75=PC8
Mcu.Pin76=PC9
Mcu.Pin77=PA8
Mcu.Pin78=PA9
Mcu.Pin79=PA10
Mcu.Pin8=PF0
Mcu.Pin80=PA11
Mcu.Pin81=PA12
Mcu.Pin82=PA13 (JTMS/SWDIO)
Mcu.Pin83=PA14 (JTCK/SWCLK)
Mcu.Pin84=PA15 (JTDI)
Mcu.Pin85=PC10
Mcu.Pin86=PC11
Mcu.Pin87=PC12
Mcu.Pin88=PD0
Mcu.Pin89=PD1
Mcu.Pin9=PF1
Mcu.Pin90=PD2
Mcu.Pin91=PD3
Mcu.Pin92=PD4
Mcu.Pin93=PD5
Mcu.Pin94=PD6
Mcu.Pin95=PD7
Mcu.Pin96=PG11
Mcu.Pin97=PG12
Mcu.Pin98=PG13
Mcu.Pin99=PG15
Mcu.PinsNb=113
Mcu.ThirdPartyNb=0
Mcu.UserConstants=
Mcu.UserName=STM32H757IITx
MxCube.Version=6.10.0
MxDb.Version=DB.6.0.100
NVIC1.BusFault_IRQn=true\:0\:0\:false\:false\:true\:false\:false\:false
NVIC1.DebugMonitor_IRQn=true\:0\:0\:false\:false\:true\:false\:false\:false
NVIC1.ForceEnableDMAVector=true
NVIC1.HardFault_IRQn=true\:0\:0\:false\:false\:true\:false\:false\:false
NVIC1.MemoryManagement_IRQn=true\:0\:0\:false\:false\:true\:false\:false\:false
NVIC1.NonMaskableInt_IRQn=true\:0\:0\:false\:false\:true\:false\:false\:false
NVIC1.PendSV_IRQn=true\:0\:0\:false\:false\:true\:false\:false\:false
NVIC1.PriorityGroup=NVIC_PRIORITYGROUP_4
NVIC1.SVCall_IRQn=true\:0\:0\:false\:false\:true\:false\:false\:false
NVIC1.SysTick_IRQn=true\:15\:0\:false\:false\:true\:false\:true\:false
NVIC1.UsageFault_IRQn=true\:0\:0\:false\:false\:true\:false\:false\:false
NVIC2.BusFault_IRQn=true\:0\:0\:false\:false\:true\:false\:false\:false
NVIC2.DebugMonitor_IRQn=true\:0\:0\:false\:false\:true\:false\:false\:false
NVIC2.ForceEnableDMAVector=true
NVIC2.HardFault_IRQn=true\:0\:0\:false\:false\:true\:false\:false\:false
NVIC2.MemoryManagement_IRQn=true\:0\:0\:false\:false\:true\:false\:false\:false
NVIC2.NonMaskableInt_IRQn=true\:0\:0\:false\:false\:true\:false\:false\:false
NVIC2.PendSV_IRQn=true\:0\:0\:false\:false\:true\:false\:false\:false
NVIC2.PriorityGroup=NVIC_PRIORITYGROUP_4
NVIC2.SVCall_IRQn=true\:0\:0\:false\:false\:true\:false\:false\:false
NVIC2.SysTick_IRQn=true\:15\:0\:false\:false\:true\:false\:true\:false
NVIC2.UsageFault_IRQn=true\:0\:0\:false\:false\:true\:false\:false\:false
PA0.GPIOParameters=PinAttribute
PA0.Mode=Asynchronous
PA0.PinAttribute=CortexM7
PA0.Signal=UART4_TX
PA1.GPIOParameters=PinAttribute
PA1.Mode=RMII
PA1.PinAttribute=CortexM7
PA1.Signal=ETH_REF_CLK
PA10.GPIOParameters=PinAttribute
PA10.Locked=true
PA10.Mode=OTG/Dual_Role_Device
PA10.PinAttribute=CortexM7
PA10.Signal=USB_OTG_FS_ID
PA11.GPIOParameters=PinAttribute
PA11.Locked=true
PA11.Mode=OTG/Dual_Role_Device
PA11.PinAttribute=CortexM7
PA11.Signal=USB_OTG_FS_DM
PA12.GPIOParameters=PinAttribute
PA12.Locked=true
PA12.Mode=OTG/Dual_Role_Device
PA12.PinAttribute=CortexM7
PA12.Signal=USB_OTG_FS_DP
PA13\ (JTMS/SWDIO).GPIOParameters=PinAttribute
PA13\ (JTMS/SWDIO).Locked=true
PA13\ (JTMS/SWDIO).Mode=Trace_Asynchronous_SW
PA13\ (JTMS/SWDIO).PinAttribute=CortexM7
PA13\ (JTMS/SWDIO).Signal=DEBUG_JTMS-SWDIO
PA14\ (JTCK/SWCLK).GPIOParameters=PinAttribute
PA14\ (JTCK/SWCLK).Locked=true
PA14\ (JTCK/SWCLK).Mode=Trace_Asynchronous_SW
PA14\ (JTCK/SWCLK).PinAttribute=CortexM7
PA14\ (JTCK/SWCLK).Signal=DEBUG_JTCK-SWCLK
PA15\ (JTDI).GPIOParameters=GPIO_Label,PinAttribute
PA15\ (JTDI).GPIO_Label=SPI1_IRQ
PA15\ (JTDI).Locked=true
PA15\ (JTDI).PinAttribute=Free
PA15\ (JTDI).Signal=GPIO_Input
PA2.GPIOParameters=PinAttribute
PA2.Mode=RMII
PA2.PinAttribute=CortexM7
PA2.Signal=ETH_MDIO
PA3.GPIOParameters=GPIO_Label,PinAttribute
PA3.GPIO_Label=DIN2
PA3.Mode=Asynchronous
PA3.PinAttribute=CortexM7
PA3.Signal=USART2_RX
PA4.GPIOParameters=GPIO_Label,PinAttribute
PA4.GPIO_Label=DAC_OUT1
PA4.PinAttribute=CortexM7
PA4.Signal=COMP_DAC11_group
PA5.GPIOParameters=GPIO_Label,PinAttribute
PA5.GPIO_Label=AUDIO_OUT
PA5.Locked=true
PA5.PinAttribute=Free
PA5.Signal=GPIO_Output
PA6.GPIOParameters=GPIO_Label,PinAttribute
PA6.GPIO_Label=SPI1_CSB
PA6.Locked=true
PA6.PinAttribute=Free
PA6.Signal=GPIO_Output
PA7.GPIOParameters=PinAttribute
PA7.Mode=RMII
PA7.PinAttribute=CortexM7
PA7.Signal=ETH_CRS_DV
PA8.GPIOParameters=GPIO_Label,PinAttribute
PA8.GPIO_Label=SPI2_IRQ
PA8.Locked=true
PA8.PinAttribute=Free
PA8.Signal=GPIO_Input
PA9.GPIOParameters=PinAttribute
PA9.Locked=true
PA9.Mode=Activate_VBUS
PA9.PinAttribute=CortexM7
PA9.Signal=USB_OTG_FS_VBUS
PB0.GPIOParameters=GPIO_Label,PinAttribute
PB0.GPIO_Label=PWR_SSTART
PB0.Locked=true
PB0.PinAttribute=Free
PB0.Signal=GPIO_Output
PB1.GPIOParameters=GPIO_Label,PinAttribute
PB1.GPIO_Label=PWR_DIRECT
PB1.Locked=true
PB1.PinAttribute=Free
PB1.Signal=GPIO_Output
PB11.GPIOParameters=PinAttribute
PB11.Locked=true
PB11.Mode=RMII
PB11.PinAttribute=CortexM7
PB11.Signal=ETH_TX_EN
PB12.GPIOParameters=GPIO_Label,PinAttribute
PB12.GPIO_Label=RTC_REF
PB12.Locked=true
PB12.PinAttribute=Free
PB12.Signal=GPIO_Input
PB13.GPIOParameters=PinAttribute
PB13.Locked=true
PB13.Mode=Full_Duplex_Master
PB13.PinAttribute=CortexM7
PB13.Signal=SPI2_SCK
PB14.GPIOParameters=PinAttribute
PB14.Locked=true
PB14.Mode=Full_Duplex_Master
PB14.PinAttribute=CortexM7
PB14.Signal=SPI2_MISO
PB15.GPIOParameters=PinAttribute
PB15.Locked=true
PB15.Mode=Full_Duplex_Master
PB15.PinAttribute=CortexM7
PB15.Signal=SPI2_MOSI
PB2.GPIOParameters=GPIO_Label,PinAttribute
PB2.GPIO_Label=_FAULT
PB2.Locked=true
PB2.PinAttribute=Free
PB2.Signal=GPIO_Output
PB3\ (JTDO/TRACESWO).GPIOParameters=PinAttribute
PB3\ (JTDO/TRACESWO).Mode=Trace_Asynchronous_SW
PB3\ (JTDO/TRACESWO).PinAttribute=CortexM7
PB3\ (JTDO/TRACESWO).Signal=DEBUG_JTDO-SWO
PB4\ (NJTRST).GPIOParameters=PinAttribute
PB4\ (NJTRST).Mode=Full_Duplex_Master
PB4\ (NJTRST).PinAttribute=CortexM7
PB4\ (NJTRST).Signal=SPI1_MISO
PB5.GPIOParameters=PinAttribute
PB5.Locked=true
PB5.Mode=Full_Duplex_Master
PB5.PinAttribute=CortexM7
PB5.Signal=SPI1_MOSI
PB6.GPIOParameters=PinAttribute
PB6.Locked=true
PB6.Mode=I2C
PB6.PinAttribute=CortexM7
PB6.Signal=I2C1_SCL
PB7.GPIOParameters=PinAttribute
PB7.Locked=true
PB7.Mode=I2C
PB7.PinAttribute=CortexM7
PB7.Signal=I2C1_SDA
PB8.GPIOParameters=GPIO_Label,PinAttribute
PB8.GPIO_Label=UART_RX/DIN1
PB8.Locked=true
PB8.Mode=Asynchronous
PB8.PinAttribute=CortexM7
PB8.Signal=UART4_RX
PC0.GPIOParameters=PinAttribute
PC0.PinAttribute=CortexM7
PC0.Signal=FMC_SDNWE
PC1.GPIOParameters=PinAttribute
PC1.Mode=RMII
PC1.PinAttribute=CortexM7
PC1.Signal=ETH_MDC
PC10.GPIOParameters=GPIO_Label,PinAttribute
PC10.GPIO_Label=SPI2_CSA
PC10.Locked=true
PC10.PinAttribute=Free
PC10.Signal=GPIO_Output
PC11.GPIOParameters=GPIO_Label,PinAttribute
PC11.GPIO_Label=USB_OTG_FS_OC
PC11.Locked=true
PC11.PinAttribute=Free
PC11.Signal=GPIO_Input
PC12.GPIOParameters=PinAttribute
PC12.Mode=SD_1_bit
PC12.PinAttribute=CortexM7
PC12.Signal=SDMMC1_CK
PC13.GPIOParameters=GPIO_Label,PinAttribute
PC13.GPIO_Label=WDG
PC13.Locked=true
PC13.PinAttribute=Free
PC13.Signal=GPIO_Output
PC14-OSC32_IN\ (OSC32_IN).GPIOParameters=PinAttribute
PC14-OSC32_IN\ (OSC32_IN).Mode=LSE-External-Oscillator
PC14-OSC32_IN\ (OSC32_IN).PinAttribute=Free
PC14-OSC32_IN\ (OSC32_IN).Signal=RCC_OSC32_IN
PC15-OSC32_OUT\ (OSC32_OUT).GPIOParameters=PinAttribute
PC15-OSC32_OUT\ (OSC32_OUT).Mode=LSE-External-Oscillator
PC15-OSC32_OUT\ (OSC32_OUT).PinAttribute=Free
PC15-OSC32_OUT\ (OSC32_OUT).Signal=RCC_OSC32_OUT
PC2_C.GPIOParameters=PinAttribute
PC2_C.Mode=SdramChipSelect1_1
PC2_C.PinAttribute=CortexM7
PC2_C.Signal=FMC_SDNE0
PC3_C.GPIOParameters=PinAttribute
PC3_C.Mode=SdramChipSelect1_1
PC3_C.PinAttribute=CortexM7
PC3_C.Signal=FMC_SDCKE0
PC4.GPIOParameters=PinAttribute
PC4.Mode=RMII
PC4.PinAttribute=CortexM7
PC4.Signal=ETH_RXD0
PC5.GPIOParameters=PinAttribute
PC5.Mode=RMII
PC5.PinAttribute=CortexM7
PC5.Signal=ETH_RXD1
PC6.GPIOParameters=GPIO_Label,PinAttribute
PC6.GPIO_Label=ENC_A
PC6.Locked=true
PC6.PinAttribute=Free
PC6.Signal=GPIO_Input
PC7.GPIOParameters=GPIO_Label,PinAttribute
PC7.GPIO_Label=ENC_B
PC7.Locked=true
PC7.PinAttribute=Free
PC7.Signal=GPIO_Input
PC8.GPIOParameters=PinAttribute
PC8.Mode=SD_1_bit
PC8.PinAttribute=CortexM7
PC8.Signal=SDMMC1_D0
PC9.GPIOParameters=PinAttribute
PC9.Mode=Clock-out-2
PC9.PinAttribute=Free
PC9.Signal=RCC_MCO_2
PD0.GPIOParameters=PinAttribute
PD0.PinAttribute=CortexM7
PD0.Signal=FMC_D2_DA2
PD1.GPIOParameters=PinAttribute
PD1.PinAttribute=CortexM7
PD1.Signal=FMC_D3_DA3
PD10.GPIOParameters=PinAttribute
PD10.PinAttribute=CortexM7
PD10.Signal=FMC_D15_DA15
PD11.GPIOParameters=GPIO_Label,PinAttribute
PD11.GPIO_Label=SPI2_CSB
PD11.Locked=true
PD11.PinAttribute=Free
PD11.Signal=GPIO_Output
PD12.GPIOParameters=GPIO_Label,PinAttribute
PD12.GPIO_Label=TFT_BRIGHTNESS
PD12.PinAttribute=CortexM7
PD12.Signal=S_TIM4_CH1
PD13.GPIOParameters=GPIO_Label,PinAttribute
PD13.GPIO_Label=OE_SYNC
PD13.Locked=true
PD13.PinAttribute=Free
PD13.Signal=GPIO_Output
PD14.GPIOParameters=PinAttribute
PD14.PinAttribute=CortexM7
PD14.Signal=FMC_D0_DA0
PD15.GPIOParameters=PinAttribute
PD15.PinAttribute=CortexM7
PD15.Signal=FMC_D1_DA1
PD2.GPIOParameters=PinAttribute
PD2.Locked=true
PD2.Mode=SD_1_bit
PD2.PinAttribute=CortexM7
PD2.Signal=SDMMC1_CMD
PD3.GPIOParameters=GPIO_Label,PinAttribute
PD3.GPIO_Label=IRQ_TOUCH
PD3.Locked=true
PD3.PinAttribute=Free
PD3.Signal=GPIO_Input
PD4.GPIOParameters=GPIO_Label,PinAttribute
PD4.GPIO_Label=USB_OTG_FS_PSO
PD4.Locked=true
PD4.PinAttribute=Free
PD4.Signal=GPIO_Output
PD5.GPIOParameters=GPIO_Label,PinAttribute
PD5.GPIO_Label=DOUT2
PD5.Locked=true
PD5.Mode=Asynchronous
PD5.PinAttribute=CortexM7
PD5.Signal=USART2_TX
PD6.GPIOParameters=GPIO_Label,PinAttribute
PD6.GPIO_Label=DOUT3
PD6.Locked=true
PD6.PinAttribute=Free
PD6.Signal=GPIO_Output
PD7.GPIOParameters=GPIO_Label,PinAttribute
PD7.GPIO_Label=DIN3
PD7.Locked=true
PD7.PinAttribute=Free
PD7.Signal=GPIO_Input
PD8.GPIOParameters=PinAttribute
PD8.PinAttribute=CortexM7
PD8.Signal=FMC_D13_DA13
PD9.GPIOParameters=PinAttribute
PD9.PinAttribute=CortexM7
PD9.Signal=FMC_D14_DA14
PE0.GPIOParameters=PinAttribute
PE0.PinAttribute=CortexM7
PE0.Signal=FMC_NBL0
PE1.GPIOParameters=PinAttribute
PE1.PinAttribute=CortexM7
PE1.Signal=FMC_NBL1
PE10.GPIOParameters=PinAttribute
PE10.PinAttribute=CortexM7
PE10.Signal=FMC_D7_DA7
PE11.GPIOParameters=PinAttribute
PE11.PinAttribute=CortexM7
PE11.Signal=FMC_D8_DA8
PE12.GPIOParameters=PinAttribute
PE12.PinAttribute=CortexM7
PE12.Signal=FMC_D9_DA9
PE13.GPIOParameters=PinAttribute
PE13.PinAttribute=CortexM7
PE13.Signal=FMC_D10_DA10
PE14.GPIOParameters=PinAttribute
PE14.PinAttribute=CortexM7
PE14.Signal=FMC_D11_DA11
PE15.GPIOParameters=PinAttribute
PE15.PinAttribute=CortexM7
PE15.Signal=FMC_D12_DA12
PE2.GPIOParameters=PinAttribute
PE2.Mode=Full_Duplex_Master
PE2.PinAttribute=CortexM7
PE2.Signal=SPI4_SCK
PE3.GPIOParameters=GPIO_Label,PinAttribute
PE3.GPIO_Label=SPI4_CSB
PE3.Locked=true
PE3.PinAttribute=Free
PE3.Signal=GPIO_Output
PE4.GPIOParameters=GPIO_Label,PinAttribute
PE4.GPIO_Label=SPI4_CSA
PE4.Locked=true
PE4.PinAttribute=Free
PE4.Signal=GPIO_Output
PE5.GPIOParameters=PinAttribute
PE5.Mode=Full_Duplex_Master
PE5.PinAttribute=CortexM7
PE5.Signal=SPI4_MISO
PE6.GPIOParameters=PinAttribute
PE6.Mode=Full_Duplex_Master
PE6.PinAttribute=CortexM7
PE6.Signal=SPI4_MOSI
PE7.GPIOParameters=PinAttribute
PE7.PinAttribute=CortexM7
PE7.Signal=FMC_D4_DA4
PE8.GPIOParameters=PinAttribute
PE8.PinAttribute=CortexM7
PE8.Signal=FMC_D5_DA5
PE9.GPIOParameters=PinAttribute
PE9.PinAttribute=CortexM7
PE9.Signal=FMC_D6_DA6
PF0.GPIOParameters=PinAttribute
PF0.PinAttribute=CortexM7
PF0.Signal=FMC_A0
PF1.GPIOParameters=PinAttribute
PF1.PinAttribute=CortexM7
PF1.Signal=FMC_A1
PF11.GPIOParameters=PinAttribute
PF11.PinAttribute=CortexM7
PF11.Signal=FMC_SDNRAS
PF12.GPIOParameters=PinAttribute
PF12.PinAttribute=CortexM7
PF12.Signal=FMC_A6
PF13.GPIOParameters=PinAttribute
PF13.PinAttribute=CortexM7
PF13.Signal=FMC_A7
PF14.GPIOParameters=PinAttribute
PF14.PinAttribute=CortexM7
PF14.Signal=FMC_A8
PF15.GPIOParameters=PinAttribute
PF15.PinAttribute=CortexM7
PF15.Signal=FMC_A9
PF2.GPIOParameters=PinAttribute
PF2.PinAttribute=CortexM7
PF2.Signal=FMC_A2
PF3.GPIOParameters=PinAttribute
PF3.PinAttribute=CortexM7
PF3.Signal=FMC_A3
PF4.GPIOParameters=PinAttribute
PF4.PinAttribute=CortexM7
PF4.Signal=FMC_A4
PF5.GPIOParameters=PinAttribute
PF5.PinAttribute=CortexM7
PF5.Signal=FMC_A5
PF6.GPIOParameters=GPIO_Label,PinAttribute
PF6.GPIO_Label=RS485_RX
PF6.Mode=Asynchronous
PF6.PinAttribute=CortexM4
PF6.Signal=UART7_RX
PF7.GPIOParameters=GPIO_Label,PinAttribute
PF7.GPIO_Label=RS485_TX
PF7.Mode=Asynchronous
PF7.PinAttribute=CortexM4
PF7.Signal=UART7_TX
PF8.GPIOParameters=GPIO_Label,PinAttribute
PF8.GPIO_Label=RS485_TX_EN
PF8.Locked=true
PF8.PinAttribute=Free
PF8.Signal=GPIO_Output
PF9.GPIOParameters=GPIO_Label,PinAttribute
PF9.GPIO_Label=SPI1_CSA
PF9.Locked=true
PF9.PinAttribute=Free
PF9.Signal=GPIO_Output
PG0.GPIOParameters=PinAttribute
PG0.PinAttribute=CortexM7
PG0.Signal=FMC_A10
PG1.GPIOParameters=PinAttribute
PG1.PinAttribute=CortexM7
PG1.Signal=FMC_A11
PG11.GPIOParameters=PinAttribute
PG11.Locked=true
PG11.Mode=Full_Duplex_Master
PG11.PinAttribute=CortexM7
PG11.Signal=SPI1_SCK
PG12.GPIOParameters=PinAttribute
PG12.Mode=RMII
PG12.PinAttribute=CortexM7
PG12.Signal=ETH_TXD1
PG13.GPIOParameters=PinAttribute
PG13.Mode=RMII
PG13.PinAttribute=CortexM7
PG13.Signal=ETH_TXD0
PG15.GPIOParameters=PinAttribute
PG15.PinAttribute=CortexM7
PG15.Signal=FMC_SDNCAS
PG2.GPIOParameters=GPIO_Label,PinAttribute
PG2.GPIO_Label=ENC_SW
PG2.Locked=true
PG2.PinAttribute=Free
PG2.Signal=GPXTI2
PG3.GPIOParameters=GPIO_Label,PinAttribute
PG3.GPIO_Label=SPI4_IRQ
PG3.Locked=true
PG3.PinAttribute=Free
PG3.Signal=GPIO_Input
PG4.GPIOParameters=PinAttribute
PG4.PinAttribute=CortexM7
PG4.Signal=FMC_A14_BA0
PG5.GPIOParameters=PinAttribute
PG5.Locked=true
PG5.PinAttribute=CortexM7
PG5.Signal=FMC_A15_BA1
PG6.GPIOParameters=GPIO_Label,PinAttribute
PG6.GPIO_Label=USER_SW
PG6.Locked=true
PG6.PinAttribute=Free
PG6.Signal=GPXTI6
PG7.GPIOParameters=GPIO_Label,PinAttribute
PG7.GPIO_Label=SD_DETECT
PG7.Locked=true
PG7.PinAttribute=Free
PG7.Signal=GPIO_Input
PG8.GPIOParameters=PinAttribute
PG8.PinAttribute=CortexM7
PG8.Signal=FMC_SDCLK
PH0-OSC_IN\ (PH0).GPIOParameters=PinAttribute
PH0-OSC_IN\ (PH0).Mode=HSE-External-Oscillator
PH0-OSC_IN\ (PH0).PinAttribute=Free
PH0-OSC_IN\ (PH0).Signal=RCC_OSC_IN
PH1-OSC_OUT\ (PH1).GPIOParameters=PinAttribute
PH1-OSC_OUT\ (PH1).Mode=HSE-External-Oscillator
PH1-OSC_OUT\ (PH1).PinAttribute=Free
PH1-OSC_OUT\ (PH1).Signal=RCC_OSC_OUT
PinOutPanel.RotationAngle=0
ProjectManager.AskForMigrate=true
ProjectManager.BackupPrevious=false
ProjectManager.BootMode=boot0
ProjectManager.CompilerOptimize=6
ProjectManager.ComputerToolchain=false
ProjectManager.CoupleFile=false
ProjectManager.CustomerFirmwarePackage=
ProjectManager.DefaultFWLocation=true
ProjectManager.DeletePrevious=true
ProjectManager.DeviceId=STM32H757IITx
ProjectManager.FirmwarePackage=STM32Cube FW_H7 V1.11.1
ProjectManager.FreePins=false
ProjectManager.HalAssertFull=false
ProjectManager.HeapSize=M4-0x200,M7-0x200
ProjectManager.KeepUserCode=true
ProjectManager.LastFirmware=true
ProjectManager.LibraryCopy=0
ProjectManager.MainLocation=Core/Src
ProjectManager.NoMain=false
ProjectManager.PreviousToolchain=
ProjectManager.ProjectBuild=false
ProjectManager.ProjectFileName=H757.ioc
ProjectManager.ProjectName=H757
ProjectManager.ProjectStructure=M7\:CortexM7 Project\:true;M4\:CortexM4 Project\:true;
ProjectManager.RegisterCallBack=
ProjectManager.StackSize=M4-0x400,M7-0x400
ProjectManager.TargetToolchain=EWARM V8.50
ProjectManager.ToolChainLocation=
ProjectManager.UAScriptAfterPath=
ProjectManager.UAScriptBeforePath=
ProjectManager.UnderRoot=false
ProjectManager.functionlistsort=1-SystemClock_Config-RCC-false-HAL-false-CortexM7,2-MX_GPIO_Init-GPIO-false-HAL-true-CortexM7,3-MX_DAC1_Init-DAC1-false-HAL-true-CortexM7,4-MX_FMC_Init-FMC-false-HAL-true-CortexM7,5-MX_I2C1_Init-I2C1-false-HAL-true-CortexM7,6-MX_LTDC_Init-LTDC-false-HAL-true-CortexM7,7-MX_SDMMC1_SD_Init-SDMMC1-false-HAL-true-CortexM7,8-MX_SPI2_Init-SPI2-false-HAL-true-CortexM7,9-MX_SPI4_Init-SPI4-false-HAL-true-CortexM7,10-MX_TIM2_Init-TIM2-false-HAL-true-CortexM7,11-MX_UART4_Init-UART4-false-HAL-true-CortexM7,12-MX_USART2_UART_Init-USART2-false-HAL-true-CortexM7,13-MX_USB_OTG_FS_USB_Init-USB_OTG_FS-false-HAL-true-CortexM7,14-MX_ETH_Init-ETH-false-HAL-true-CortexM7,15-MX_SPI1_Init-SPI1-false-HAL-true-CortexM7,0-MX_CORTEX_M7_Init-CORTEX_M7-false-HAL-true-CortexM7,0-MX_CORTEX_M4_Init-CORTEX_M4-false-HAL-true-CortexM4
RCC.ADCFreq_Value=25000000
RCC.AHB12Freq_Value=240000000
RCC.AHB4Freq_Value=240000000
RCC.APB1Freq_Value=120000000
RCC.APB2Freq_Value=120000000
RCC.APB3Freq_Value=120000000
RCC.APB4Freq_Value=120000000
RCC.AXIClockFreq_Value=240000000
RCC.CECFreq_Value=32000
RCC.CKPERFreq_Value=64000000
RCC.CPU2Freq_Value=240000000
RCC.CPU2SystikFreq_Value=240000000
RCC.CortexFreq_Value=480000000
RCC.CpuClockFreq_Value=480000000
RCC.D1CPREFreq_Value=480000000
RCC.D1PPRE=RCC_APB3_DIV2
RCC.D2PPRE1=RCC_APB1_DIV2
RCC.D2PPRE2=RCC_APB2_DIV2
RCC.D3PPRE=RCC_APB4_DIV2
RCC.DFSDMACLkFreq_Value=64000000
RCC.DFSDMFreq_Value=120000000
RCC.DIVM1=2
RCC.DIVM2=2
RCC.DIVM3=1
RCC.DIVN1=120
RCC.DIVN2=25
RCC.DIVN3=20
RCC.DIVP1Freq_Value=480000000
RCC.DIVP2=8
RCC.DIVP2Freq_Value=25000000
RCC.DIVP3Freq_Value=160000000
RCC.DIVQ1=15
RCC.DIVQ1Freq_Value=64000000
RCC.DIVQ2=1
RCC.DIVQ2Freq_Value=200000000
RCC.DIVQ3Freq_Value=160000000
RCC.DIVR1Freq_Value=480000000
RCC.DIVR2=1
RCC.DIVR2Freq_Value=200000000
RCC.DIVR3=32
RCC.DIVR3Freq_Value=10000000
RCC.DSIFreq_Value=40000000
RCC.DSITXEscFreq_Value=10000000
RCC.FDCANFreq_Value=64000000
RCC.FMCFreq_Value=240000000
RCC.FamilyName=M
RCC.HCLK3ClockFreq_Value=240000000
RCC.HCLKFreq_Value=240000000
RCC.HPRE=RCC_HCLK_DIV2
RCC.HRTIMFreq_Value=240000000
RCC.HSE_VALUE=16000000
RCC.I2C123Freq_Value=120000000
RCC.I2C4Freq_Value=120000000
RCC.IPParameters=ADCFreq_Value,AHB12Freq_Value,AHB4Freq_Value,APB1Freq_Value,APB2Freq_Value,APB3Freq_Value,APB4Freq_Value,AXIClockFreq_Value,CECFreq_Value,CKPERFreq_Value,CPU2Freq_Value,CPU2SystikFreq_Value,CortexFreq_Value,CpuClockFreq_Value,D1CPREFreq_Value,D1PPRE,D2PPRE1,D2PPRE2,D3PPRE,DFSDMACLkFreq_Value,DFSDMFreq_Value,DIVM1,DIVM2,DIVM3,DIVN1,DIVN2,DIVN3,DIVP1Freq_Value,DIVP2,DIVP2Freq_Value,DIVP3Freq_Value,DIVQ1,DIVQ1Freq_Value,DIVQ2,DIVQ2Freq_Value,DIVQ3Freq_Value,DIVR1Freq_Value,DIVR2,DIVR2Freq_Value,DIVR3,DIVR3Freq_Value,DSIFreq_Value,DSITXEscFreq_Value,FDCANFreq_Value,FMCFreq_Value,FamilyName,HCLK3ClockFreq_Value,HCLKFreq_Value,HPRE,HRTIMFreq_Value,HSE_VALUE,I2C123Freq_Value,I2C4Freq_Value,LPTIM1Freq_Value,LPTIM2Freq_Value,LPTIM345Freq_Value,LPUART1Freq_Value,LTDCFreq_Value,MCO1PinFreq_Value,MCO2PinFreq_Value,PLLDSIFreq_Value,PLLDSIVCOFreq_Value,PLLSourceVirtual,QSPIFreq_Value,RCC_MCO2Source,RNGFreq_Value,RTCFreq_Value,SAI1Freq_Value,SAI23Freq_Value,SAI4AFreq_Value,SAI4BFreq_Value,SDMMCFreq_Value,SPDIFRXFreq_Value,SPI123Freq_Value,SPI45Freq_Value,SPI6Freq_Value,SWPMI1Freq_Value,SYSCLKFreq_VALUE,SYSCLKSource,Tim1OutputFreq_Value,Tim2OutputFreq_Value,TraceFreq_Value,USART16Freq_Value,USART234578Freq_Value,USBFreq_Value,VCO1OutputFreq_Value,VCO2OutputFreq_Value,VCO3OutputFreq_Value,VCOInput1Freq_Value,VCOInput2Freq_Value,VCOInput3Freq_Value
RCC.LPTIM1Freq_Value=120000000
RCC.LPTIM2Freq_Value=120000000
RCC.LPTIM345Freq_Value=120000000
RCC.LPUART1Freq_Value=120000000
RCC.LTDCFreq_Value=10000000
RCC.MCO1PinFreq_Value=64000000
RCC.MCO2PinFreq_Value=25000000
RCC.PLLDSIFreq_Value=320000000
RCC.PLLDSIVCOFreq_Value=640000000
RCC.PLLSourceVirtual=RCC_PLLSOURCE_HSE
RCC.QSPIFreq_Value=240000000
RCC.RCC_MCO2Source=RCC_MCO2SOURCE_PLL2PCLK
RCC.RNGFreq_Value=48000000
RCC.RTCFreq_Value=32000
RCC.SAI1Freq_Value=64000000
RCC.SAI23Freq_Value=64000000
RCC.SAI4AFreq_Value=64000000
RCC.SAI4BFreq_Value=64000000
RCC.SDMMCFreq_Value=64000000
RCC.SPDIFRXFreq_Value=64000000
RCC.SPI123Freq_Value=64000000
RCC.SPI45Freq_Value=120000000
RCC.SPI6Freq_Value=120000000
RCC.SWPMI1Freq_Value=120000000
RCC.SYSCLKFreq_VALUE=480000000
RCC.SYSCLKSource=RCC_SYSCLKSOURCE_PLLCLK
RCC.Tim1OutputFreq_Value=240000000
RCC.Tim2OutputFreq_Value=240000000
RCC.TraceFreq_Value=480000000
RCC.USART16Freq_Value=120000000
RCC.USART234578Freq_Value=120000000
RCC.USBFreq_Value=64000000
RCC.VCO1OutputFreq_Value=960000000
RCC.VCO2OutputFreq_Value=200000000
RCC.VCO3OutputFreq_Value=320000000
RCC.VCOInput1Freq_Value=8000000
RCC.VCOInput2Freq_Value=8000000
RCC.VCOInput3Freq_Value=16000000
SH.COMP_DAC11_group.0=DAC1_OUT1,DAC_OUT1
SH.COMP_DAC11_group.ConfNb=1
SH.FMC_A0.0=FMC_A0,12b-sda1
SH.FMC_A0.ConfNb=1
SH.FMC_A1.0=FMC_A1,12b-sda1
SH.FMC_A1.ConfNb=1
SH.FMC_A10.0=FMC_A10,12b-sda1
SH.FMC_A10.ConfNb=1
SH.FMC_A11.0=FMC_A11,12b-sda1
SH.FMC_A11.ConfNb=1
SH.FMC_A14_BA0.0=FMC_BA0,FourSdramBanks1
SH.FMC_A14_BA0.ConfNb=1
SH.FMC_A15_BA1.0=FMC_BA1,FourSdramBanks1
SH.FMC_A15_BA1.ConfNb=1
SH.FMC_A2.0=FMC_A2,12b-sda1
SH.FMC_A2.ConfNb=1
SH.FMC_A3.0=FMC_A3,12b-sda1
SH.FMC_A3.ConfNb=1
SH.FMC_A4.0=FMC_A4,12b-sda1
SH.FMC_A4.ConfNb=1
SH.FMC_A5.0=FMC_A5,12b-sda1
SH.FMC_A5.ConfNb=1
SH.FMC_A6.0=FMC_A6,12b-sda1
SH.FMC_A6.ConfNb=1
SH.FMC_A7.0=FMC_A7,12b-sda1
SH.FMC_A7.ConfNb=1
SH.FMC_A8.0=FMC_A8,12b-sda1
SH.FMC_A8.ConfNb=1
SH.FMC_A9.0=FMC_A9,12b-sda1
SH.FMC_A9.ConfNb=1
SH.FMC_D0_DA0.0=FMC_D0,sd-16b-d1
SH.FMC_D0_DA0.ConfNb=1
SH.FMC_D10_DA10.0=FMC_D10,sd-16b-d1
SH.FMC_D10_DA10.ConfNb=1
SH.FMC_D11_DA11.0=FMC_D11,sd-16b-d1
SH.FMC_D11_DA11.ConfNb=1
SH.FMC_D12_DA12.0=FMC_D12,sd-16b-d1
SH.FMC_D12_DA12.ConfNb=1
SH.FMC_D13_DA13.0=FMC_D13,sd-16b-d1
SH.FMC_D13_DA13.ConfNb=1
SH.FMC_D14_DA14.0=FMC_D14,sd-16b-d1
SH.FMC_D14_DA14.ConfNb=1
SH.FMC_D15_DA15.0=FMC_D15,sd-16b-d1
SH.FMC_D15_DA15.ConfNb=1
SH.FMC_D1_DA1.0=FMC_D1,sd-16b-d1
SH.FMC_D1_DA1.ConfNb=1
SH.FMC_D2_DA2.0=FMC_D2,sd-16b-d1
SH.FMC_D2_DA2.ConfNb=1
SH.FMC_D3_DA3.0=FMC_D3,sd-16b-d1
SH.FMC_D3_DA3.ConfNb=1
SH.FMC_D4_DA4.0=FMC_D4,sd-16b-d1
SH.FMC_D4_DA4.ConfNb=1
SH.FMC_D5_DA5.0=FMC_D5,sd-16b-d1
SH.FMC_D5_DA5.ConfNb=1
SH.FMC_D6_DA6.0=FMC_D6,sd-16b-d1
SH.FMC_D6_DA6.ConfNb=1
SH.FMC_D7_DA7.0=FMC_D7,sd-16b-d1
SH.FMC_D7_DA7.ConfNb=1
SH.FMC_D8_DA8.0=FMC_D8,sd-16b-d1
SH.FMC_D8_DA8.ConfNb=1
SH.FMC_D9_DA9.0=FMC_D9,sd-16b-d1
SH.FMC_D9_DA9.ConfNb=1
SH.FMC_NBL0.0=FMC_NBL0,Sd2ByteEnable1
SH.FMC_NBL0.ConfNb=1
SH.FMC_NBL1.0=FMC_NBL1,Sd2ByteEnable1
SH.FMC_NBL1.ConfNb=1
SH.FMC_SDCLK.0=FMC_SDCLK,12b-sda1
SH.FMC_SDCLK.ConfNb=1
SH.FMC_SDNCAS.0=FMC_SDNCAS,12b-sda1
SH.FMC_SDNCAS.ConfNb=1
SH.FMC_SDNRAS.0=FMC_SDNRAS,12b-sda1
SH.FMC_SDNRAS.ConfNb=1
SH.FMC_SDNWE.0=FMC_SDNWE,12b-sda1
SH.FMC_SDNWE.ConfNb=1
SH.GPXTI2.0=GPIO_EXTI2
SH.GPXTI2.ConfNb=1
SH.GPXTI6.0=GPIO_EXTI6
SH.GPXTI6.ConfNb=1
SH.S_TIM4_CH1.0=TIM4_CH1,PWM Generation1 CH1
SH.S_TIM4_CH1.ConfNb=1
SPI1.BaudRatePrescaler=SPI_BAUDRATEPRESCALER_2
SPI1.CalculateBaudRate=32.0 MBits/s
SPI1.Direction=SPI_DIRECTION_2LINES
SPI1.IPParameters=VirtualType,Mode,Direction,CalculateBaudRate,BaudRatePrescaler
SPI1.Mode=SPI_MODE_MASTER
SPI1.VirtualType=VM_MASTER
SPI2.BaudRatePrescaler=SPI_BAUDRATEPRESCALER_2
SPI2.CalculateBaudRate=32.0 MBits/s
SPI2.Direction=SPI_DIRECTION_2LINES
SPI2.IPParameters=VirtualType,Mode,Direction,CalculateBaudRate,BaudRatePrescaler
SPI2.Mode=SPI_MODE_MASTER
SPI2.VirtualType=VM_MASTER
SPI4.BaudRatePrescaler=SPI_BAUDRATEPRESCALER_2
SPI4.CalculateBaudRate=60.0 MBits/s
SPI4.Direction=SPI_DIRECTION_2LINES
SPI4.IPParameters=VirtualType,Mode,Direction,CalculateBaudRate,BaudRatePrescaler
SPI4.Mode=SPI_MODE_MASTER
SPI4.VirtualType=VM_MASTER
SYS.userName=SYS_M7
TIM4.Channel-PWM\ Generation1\ CH1=TIM_CHANNEL_1
TIM4.IPParameters=Channel-PWM Generation1 CH1
USART2.IPParameters=VirtualMode-Asynchronous
USART2.VirtualMode-Asynchronous=VM_ASYNC
VP_LTDC_DSIMode.Mode=RGB888
VP_LTDC_DSIMode.Signal=LTDC_DSIMode
VP_SYS_M4_VS_Systick.Mode=SysTick
VP_SYS_M4_VS_Systick.Signal=SYS_M4_VS_Systick
VP_SYS_VS_Systick.Mode=SysTick
VP_SYS_VS_Systick.Signal=SYS_VS_Systick
VP_TIM2_VS_ClockSourceITR.Mode=TriggerSource_ITR1
VP_TIM2_VS_ClockSourceITR.Signal=TIM2_VS_ClockSourceITR
VP_TIM2_VS_ControllerModeClock.Mode=Clock Mode
VP_TIM2_VS_ControllerModeClock.Signal=TIM2_VS_ControllerModeClock
board=custom
